
Microsoft Visual Studio Solution File, Format Version 12.00
# Visual Studio 15
VisualStudioVersion = 15.0.27428.2043
MinimumVisualStudioVersion = 10.0.40219.1
Project("{FAE04EC0-301F-11D3-BF4B-00C04F79EFBC}") = "Sueldo", "Sueldo\Sueldo.csproj", "{EF45DBFC-D481-44CF-B83E-A1E88A1616C8}"
EndProject
Project("{FAE04EC0-301F-11D3-BF4B-00C04F79EFBC}") = "DetalleFac", "DetalleFac\DetalleFac.csproj", "{3E424563-8993-472C-A990-22258DFF235D}"
EndProject
Global
	GlobalSection(SolutionConfigurationPlatforms) = preSolution
		Debug|Any CPU = Debug|Any CPU
		Release|Any CPU = Release|Any CPU
	EndGlobalSection
	GlobalSection(ProjectConfigurationPlatforms) = postSolution
		{EF45DBFC-D481-44CF-B83E-A1E88A1616C8}.Debug|Any CPU.ActiveCfg = Debug|Any CPU
		{EF45DBFC-D481-44CF-B83E-A1E88A1616C8}.Debug|Any CPU.Build.0 = Debug|Any CPU
		{EF45DBFC-D481-44CF-B83E-A1E88A1616C8}.Release|Any CPU.ActiveCfg = Release|Any CPU
		{EF45DBFC-D481-44CF-B83E-A1E88A1616C8}.Release|Any CPU.Build.0 = Release|Any CPU
		{3E424563-8993-472C-A990-22258DFF235D}.Debug|Any CPU.ActiveCfg = Debug|Any CPU
		{3E424563-8993-472C-A990-22258DFF235D}.Debug|Any CPU.Build.0 = Debug|Any CPU
		{3E424563-8993-472C-A990-22258DFF235D}.Release|Any CPU.ActiveCfg = Release|Any CPU
		{3E424563-8993-472C-A990-22258DFF235D}.Release|Any CPU.Build.0 = Release|Any CPU
	EndGlobalSection
	GlobalSection(SolutionProperties) = preSolution
		HideSolutionNode = FALSE
	EndGlobalSection
	GlobalSection(ExtensibilityGlobals) = postSolution
		SolutionGuid = {27B93626-1653-4430-9925-4888952F3E25}
	EndGlobalSection
EndGlobal
