
Microsoft Visual Studio Solution File, Format Version 12.00
# Visual Studio 15
VisualStudioVersion = 15.0.27428.2005
MinimumVisualStudioVersion = 10.0.40219.1
Project("{FAE04EC0-301F-11D3-BF4B-00C04F79EFBC}") = "WindowsFormsClases2018", "WindowsFormsClases2018\WindowsFormsClases2018.csproj", "{CDDE36C0-47CE-40BD-9964-9D63FE5BEFA8}"
EndProject
Global
	GlobalSection(SolutionConfigurationPlatforms) = preSolution
		Debug|Any CPU = Debug|Any CPU
		Release|Any CPU = Release|Any CPU
	EndGlobalSection
	GlobalSection(ProjectConfigurationPlatforms) = postSolution
		{CDDE36C0-47CE-40BD-9964-9D63FE5BEFA8}.Debug|Any CPU.ActiveCfg = Debug|Any CPU
		{CDDE36C0-47CE-40BD-9964-9D63FE5BEFA8}.Debug|Any CPU.Build.0 = Debug|Any CPU
		{CDDE36C0-47CE-40BD-9964-9D63FE5BEFA8}.Release|Any CPU.ActiveCfg = Release|Any CPU
		{CDDE36C0-47CE-40BD-9964-9D63FE5BEFA8}.Release|Any CPU.Build.0 = Release|Any CPU
	EndGlobalSection
	GlobalSection(SolutionProperties) = preSolution
		HideSolutionNode = FALSE
	EndGlobalSection
	GlobalSection(ExtensibilityGlobals) = postSolution
		SolutionGuid = {DDC6CF0F-CC15-469D-887A-D3A1BF67E872}
	EndGlobalSection
EndGlobal
